
Microsoft Visual Studio Solution File, Format Version 12.00
# Visual Studio 15
VisualStudioVersion = 15.0.28307.1145
MinimumVisualStudioVersion = 10.0.40219.1
Project("{FAE04EC0-301F-11D3-BF4B-00C04F79EFBC}") = "GitTeste", "GitTeste\GitTeste.csproj", "{CD1AF85D-1636-4920-89C7-302C2B1D909B}"
EndProject
Global
	GlobalSection(SolutionConfigurationPlatforms) = preSolution
		Debug|Any CPU = Debug|Any CPU
		Release|Any CPU = Release|Any CPU
	EndGlobalSection
	GlobalSection(ProjectConfigurationPlatforms) = postSolution
		{CD1AF85D-1636-4920-89C7-302C2B1D909B}.Debug|Any CPU.ActiveCfg = Debug|Any CPU
		{CD1AF85D-1636-4920-89C7-302C2B1D909B}.Debug|Any CPU.Build.0 = Debug|Any CPU
		{CD1AF85D-1636-4920-89C7-302C2B1D909B}.Release|Any CPU.ActiveCfg = Release|Any CPU
		{CD1AF85D-1636-4920-89C7-302C2B1D909B}.Release|Any CPU.Build.0 = Release|Any CPU
	EndGlobalSection
	GlobalSection(SolutionProperties) = preSolution
		HideSolutionNode = FALSE
	EndGlobalSection
	GlobalSection(ExtensibilityGlobals) = postSolution
		SolutionGuid = {DB804C33-7E72-4380-93F9-1F8FD660C5F3}
	EndGlobalSection
EndGlobal
